
Microsoft Visual Studio Solution File, Format Version 12.00
# Visual Studio 15
VisualStudioVersion = 15.0.26228.4
MinimumVisualStudioVersion = 10.0.40219.1
Project("{9A19103F-16F7-4668-BE54-9A1E7A4F7556}") = "ConsoleApp", "ConsoleApp\ConsoleApp.csproj", "{A3E456BF-04E8-458F-B45B-B54FDF07D45E}"
EndProject
Project("{9A19103F-16F7-4668-BE54-9A1E7A4F7556}") = "App.Core.Entity", "App.Core.Entity\App.Core.Entity.csproj", "{71983EAA-51DF-4AF0-837A-848953B91675}"
EndProject
Project("{9A19103F-16F7-4668-BE54-9A1E7A4F7556}") = "App.Core", "App.Core\App.Core.csproj", "{D35C0470-4870-4762-AA2D-08EB3FE7BC24}"
EndProject
Project("{2150E333-8FDC-42A3-9474-1A3956D46DE8}") = "Core", "Core", "{31D06361-133E-4BDE-8F50-035DDD20D655}"
EndProject
Project("{2150E333-8FDC-42A3-9474-1A3956D46DE8}") = "Infrastructure", "Infrastructure", "{9E278B13-4B92-4FF8-9181-40E3ED108D2C}"
EndProject
Project("{2150E333-8FDC-42A3-9474-1A3956D46DE8}") = "UI", "UI", "{F512D1BE-B516-4723-8C5E-C85907F4E7F0}"
EndProject
Project("{9A19103F-16F7-4668-BE54-9A1E7A4F7556}") = "App.Infrastructure.Static.Data", "App.Infrastructure.Static.Data\App.Infrastructure.Static.Data.csproj", "{8DFCCC6D-838A-402D-AECC-6EED6E9D8C34}"
EndProject
Project("{FAE04EC0-301F-11D3-BF4B-00C04F79EFBC}") = "RestApiApp", "RestApiApp\RestApiApp.csproj", "{89696E63-62C1-4F0B-B10A-2A616BE7A356}"
EndProject
Global
	GlobalSection(SolutionConfigurationPlatforms) = preSolution
		Debug|Any CPU = Debug|Any CPU
		Release|Any CPU = Release|Any CPU
	EndGlobalSection
	GlobalSection(ProjectConfigurationPlatforms) = postSolution
		{A3E456BF-04E8-458F-B45B-B54FDF07D45E}.Debug|Any CPU.ActiveCfg = Debug|Any CPU
		{A3E456BF-04E8-458F-B45B-B54FDF07D45E}.Debug|Any CPU.Build.0 = Debug|Any CPU
		{A3E456BF-04E8-458F-B45B-B54FDF07D45E}.Release|Any CPU.ActiveCfg = Release|Any CPU
		{A3E456BF-04E8-458F-B45B-B54FDF07D45E}.Release|Any CPU.Build.0 = Release|Any CPU
		{71983EAA-51DF-4AF0-837A-848953B91675}.Debug|Any CPU.ActiveCfg = Debug|Any CPU
		{71983EAA-51DF-4AF0-837A-848953B91675}.Debug|Any CPU.Build.0 = Debug|Any CPU
		{71983EAA-51DF-4AF0-837A-848953B91675}.Release|Any CPU.ActiveCfg = Release|Any CPU
		{71983EAA-51DF-4AF0-837A-848953B91675}.Release|Any CPU.Build.0 = Release|Any CPU
		{D35C0470-4870-4762-AA2D-08EB3FE7BC24}.Debug|Any CPU.ActiveCfg = Debug|Any CPU
		{D35C0470-4870-4762-AA2D-08EB3FE7BC24}.Debug|Any CPU.Build.0 = Debug|Any CPU
		{D35C0470-4870-4762-AA2D-08EB3FE7BC24}.Release|Any CPU.ActiveCfg = Release|Any CPU
		{D35C0470-4870-4762-AA2D-08EB3FE7BC24}.Release|Any CPU.Build.0 = Release|Any CPU
		{8DFCCC6D-838A-402D-AECC-6EED6E9D8C34}.Debug|Any CPU.ActiveCfg = Debug|Any CPU
		{8DFCCC6D-838A-402D-AECC-6EED6E9D8C34}.Debug|Any CPU.Build.0 = Debug|Any CPU
		{8DFCCC6D-838A-402D-AECC-6EED6E9D8C34}.Release|Any CPU.ActiveCfg = Release|Any CPU
		{8DFCCC6D-838A-402D-AECC-6EED6E9D8C34}.Release|Any CPU.Build.0 = Release|Any CPU
		{89696E63-62C1-4F0B-B10A-2A616BE7A356}.Debug|Any CPU.ActiveCfg = Debug|Any CPU
		{89696E63-62C1-4F0B-B10A-2A616BE7A356}.Debug|Any CPU.Build.0 = Debug|Any CPU
		{89696E63-62C1-4F0B-B10A-2A616BE7A356}.Release|Any CPU.ActiveCfg = Release|Any CPU
		{89696E63-62C1-4F0B-B10A-2A616BE7A356}.Release|Any CPU.Build.0 = Release|Any CPU
	EndGlobalSection
	GlobalSection(SolutionProperties) = preSolution
		HideSolutionNode = FALSE
	EndGlobalSection
	GlobalSection(NestedProjects) = preSolution
		{A3E456BF-04E8-458F-B45B-B54FDF07D45E} = {F512D1BE-B516-4723-8C5E-C85907F4E7F0}
		{71983EAA-51DF-4AF0-837A-848953B91675} = {31D06361-133E-4BDE-8F50-035DDD20D655}
		{D35C0470-4870-4762-AA2D-08EB3FE7BC24} = {31D06361-133E-4BDE-8F50-035DDD20D655}
		{8DFCCC6D-838A-402D-AECC-6EED6E9D8C34} = {9E278B13-4B92-4FF8-9181-40E3ED108D2C}
		{89696E63-62C1-4F0B-B10A-2A616BE7A356} = {F512D1BE-B516-4723-8C5E-C85907F4E7F0}
	EndGlobalSection
	GlobalSection(ExtensibilityGlobals) = postSolution
		SolutionGuid = {D1925490-D0CE-4E74-8056-E94092BA7785}
	EndGlobalSection
EndGlobal
